
Microsoft Visual Studio Solution File, Format Version 12.00
# Visual Studio Version 16
VisualStudioVersion = 16.0.29324.140
MinimumVisualStudioVersion = 10.0.40219.1
Project("{FAE04EC0-301F-11D3-BF4B-00C04F79EFBC}") = "COMP229_301044056_Assignment02", "COMP229_301044056_Assignment02\COMP229_301044056_Assignment02.csproj", "{B5FF89DD-3E54-4774-AC7C-B8FB251B3A6D}"
EndProject
Global
	GlobalSection(SolutionConfigurationPlatforms) = preSolution
		Debug|Any CPU = Debug|Any CPU
		Release|Any CPU = Release|Any CPU
	EndGlobalSection
	GlobalSection(ProjectConfigurationPlatforms) = postSolution
		{B5FF89DD-3E54-4774-AC7C-B8FB251B3A6D}.Debug|Any CPU.ActiveCfg = Debug|Any CPU
		{B5FF89DD-3E54-4774-AC7C-B8FB251B3A6D}.Debug|Any CPU.Build.0 = Debug|Any CPU
		{B5FF89DD-3E54-4774-AC7C-B8FB251B3A6D}.Release|Any CPU.ActiveCfg = Release|Any CPU
		{B5FF89DD-3E54-4774-AC7C-B8FB251B3A6D}.Release|Any CPU.Build.0 = Release|Any CPU
	EndGlobalSection
	GlobalSection(SolutionProperties) = preSolution
		HideSolutionNode = FALSE
	EndGlobalSection
	GlobalSection(ExtensibilityGlobals) = postSolution
		SolutionGuid = {A9292E69-A7F2-4748-97A2-FA646AD2F045}
	EndGlobalSection
EndGlobal
